
Microsoft Visual Studio Solution File, Format Version 12.00
# Visual Studio Version 17
VisualStudioVersion = 17.14.36518.9
MinimumVisualStudioVersion = 10.0.40219.1
Project("{2150E333-8FDC-42A3-9474-1A3956D46DE8}") = "Microservices", "Microservices", "{02EA681E-C7D8-13C7-8484-4AC65E1B71E8}"
	ProjectSection(SolutionItems) = preProject
		Readme.txt = Readme.txt
	EndProjectSection
EndProject
Project("{2150E333-8FDC-42A3-9474-1A3956D46DE8}") = "Presentation", "Presentation", "{BF18855E-54B9-485D-9ED8-0FA2C0C9932A}"
EndProject
Project("{2150E333-8FDC-42A3-9474-1A3956D46DE8}") = "Attendance", "Attendance", "{819F7737-E6ED-4F04-AB70-F088CD142F5D}"
EndProject
Project("{2150E333-8FDC-42A3-9474-1A3956D46DE8}") = "Api", "Api", "{8084AAFD-9443-4125-A139-3FE776877248}"
EndProject
Project("{2150E333-8FDC-42A3-9474-1A3956D46DE8}") = "Application", "Application", "{25F20ECB-70B9-4332-8D18-94FF5BCF2D5D}"
EndProject
Project("{2150E333-8FDC-42A3-9474-1A3956D46DE8}") = "Data", "Data", "{E687CC9F-BAED-4573-821C-9A2759BC7084}"
EndProject
Project("{2150E333-8FDC-42A3-9474-1A3956D46DE8}") = "Domain", "Domain", "{67EE6A9F-B87F-4B41-A8D1-F0A364EC3FCC}"
EndProject
Project("{2150E333-8FDC-42A3-9474-1A3956D46DE8}") = "Migration", "Migration", "{31C3D8E5-38AF-47A4-AE57-AFB8C3CBC275}"
EndProject
Project("{2150E333-8FDC-42A3-9474-1A3956D46DE8}") = "Api", "Api", "{EE9082B0-F8D6-4D66-85FF-02639D6BE0CC}"
EndProject
Project("{2150E333-8FDC-42A3-9474-1A3956D46DE8}") = "Data", "Data", "{1EFE087C-2D54-49AB-B0FC-196377F2F8A9}"
EndProject
Project("{2150E333-8FDC-42A3-9474-1A3956D46DE8}") = "Application", "Application", "{9BC86FD2-A0A8-4D50-B6A1-436B573482D1}"
EndProject
Project("{2150E333-8FDC-42A3-9474-1A3956D46DE8}") = "Domain", "Domain", "{1898759D-F504-4B56-A65B-E607EB39C432}"
EndProject
Project("{FAE04EC0-301F-11D3-BF4B-00C04F79EFBC}") = "OptSfa.Attendance.Domain", "OptSfa.Attendance.Domain\OptSfa.Attendance.Domain.csproj", "{AEC78A33-B8B2-4463-84BF-177E86E6BFB8}"
EndProject
Project("{FAE04EC0-301F-11D3-BF4B-00C04F79EFBC}") = "OptSfa.Attendance.Data", "OptSfa.Attendance.Data\OptSfa.Attendance.Data.csproj", "{0E554714-58C2-49C5-BA62-CD4B7B11C6C2}"
EndProject
Project("{FAE04EC0-301F-11D3-BF4B-00C04F79EFBC}") = "OptSfa.Attendance.Application", "OptSfa.Attendance.Application\OptSfa.Attendance.Application.csproj", "{5C9D263A-90A0-43B7-B57D-62AF970CE7A8}"
EndProject
Project("{FAE04EC0-301F-11D3-BF4B-00C04F79EFBC}") = "OptSfa.Migration.Domain", "OptSfa.Migration.Domain\OptSfa.Migration.Domain.csproj", "{50BBFEB3-4097-4C6B-B81A-627013B3068C}"
EndProject
Project("{FAE04EC0-301F-11D3-BF4B-00C04F79EFBC}") = "OptSfa.Migration.Data", "OptSfa.Migration.Data\OptSfa.Migration.Data.csproj", "{BBBDC852-59FB-45CB-8E80-93D2424AF56E}"
EndProject
Project("{FAE04EC0-301F-11D3-BF4B-00C04F79EFBC}") = "OptSfa.Migration.Application", "OptSfa.Migration.Application\OptSfa.Migration.Application.csproj", "{ECA062AB-4971-44E0-86B3-8E340FC9ED23}"
EndProject
Project("{FAE04EC0-301F-11D3-BF4B-00C04F79EFBC}") = "OptSfa.Attendance.Api", "OptSfa.Attendance.Api\OptSfa.Attendance.Api.csproj", "{D0A277B9-A7B3-41A1-9617-DCC7FF1B0DF8}"
EndProject
Project("{FAE04EC0-301F-11D3-BF4B-00C04F79EFBC}") = "OptSfa.Migration.Api", "OptSfa.Migration.Api\OptSfa.Migration.Api.csproj", "{048C252C-B952-44C7-B63A-58C55BC283DF}"
EndProject
Project("{2150E333-8FDC-42A3-9474-1A3956D46DE8}") = "Migration", "Migration", "{731A0ACC-A49F-43D3-B7B7-4C2A9B5430D0}"
EndProject
Project("{2150E333-8FDC-42A3-9474-1A3956D46DE8}") = "Gui", "Gui", "{DBA5DDC4-615F-4D5C-926A-3880248A82A4}"
	ProjectSection(SolutionItems) = preProject
		MigrationGui.txt = MigrationGui.txt
	EndProjectSection
EndProject
Project("{2150E333-8FDC-42A3-9474-1A3956D46DE8}") = "Gateway", "Gateway", "{10608BE2-82B5-4163-8FBD-C37CFE5E1529}"
EndProject
Project("{2150E333-8FDC-42A3-9474-1A3956D46DE8}") = "Api", "Api", "{CA87BF24-0F18-49CE-89D4-14F17F21FABB}"
EndProject
Project("{FAE04EC0-301F-11D3-BF4B-00C04F79EFBC}") = "OptSfa.Gateway.Api", "OptSfa.Gateway.Api\OptSfa.Gateway.Api.csproj", "{1D949BC2-4E21-45DA-8343-822B8C95B13A}"
EndProject
Project("{2150E333-8FDC-42A3-9474-1A3956D46DE8}") = "Report", "Report", "{3D62E8F9-A575-4D8F-BBA6-C9CF37ECB1A3}"
EndProject
Project("{2150E333-8FDC-42A3-9474-1A3956D46DE8}") = "Gui", "Gui", "{08088CA1-7A8A-4FA2-9BD8-71CF00610AD9}"
	ProjectSection(SolutionItems) = preProject
		ReportGui.txt = ReportGui.txt
	EndProjectSection
EndProject
Global
	GlobalSection(SolutionConfigurationPlatforms) = preSolution
		Debug|Any CPU = Debug|Any CPU
		Release|Any CPU = Release|Any CPU
	EndGlobalSection
	GlobalSection(ProjectConfigurationPlatforms) = postSolution
		{AEC78A33-B8B2-4463-84BF-177E86E6BFB8}.Debug|Any CPU.ActiveCfg = Debug|Any CPU
		{AEC78A33-B8B2-4463-84BF-177E86E6BFB8}.Debug|Any CPU.Build.0 = Debug|Any CPU
		{AEC78A33-B8B2-4463-84BF-177E86E6BFB8}.Release|Any CPU.ActiveCfg = Release|Any CPU
		{AEC78A33-B8B2-4463-84BF-177E86E6BFB8}.Release|Any CPU.Build.0 = Release|Any CPU
		{0E554714-58C2-49C5-BA62-CD4B7B11C6C2}.Debug|Any CPU.ActiveCfg = Debug|Any CPU
		{0E554714-58C2-49C5-BA62-CD4B7B11C6C2}.Debug|Any CPU.Build.0 = Debug|Any CPU
		{0E554714-58C2-49C5-BA62-CD4B7B11C6C2}.Release|Any CPU.ActiveCfg = Release|Any CPU
		{0E554714-58C2-49C5-BA62-CD4B7B11C6C2}.Release|Any CPU.Build.0 = Release|Any CPU
		{5C9D263A-90A0-43B7-B57D-62AF970CE7A8}.Debug|Any CPU.ActiveCfg = Debug|Any CPU
		{5C9D263A-90A0-43B7-B57D-62AF970CE7A8}.Debug|Any CPU.Build.0 = Debug|Any CPU
		{5C9D263A-90A0-43B7-B57D-62AF970CE7A8}.Release|Any CPU.ActiveCfg = Release|Any CPU
		{5C9D263A-90A0-43B7-B57D-62AF970CE7A8}.Release|Any CPU.Build.0 = Release|Any CPU
		{50BBFEB3-4097-4C6B-B81A-627013B3068C}.Debug|Any CPU.ActiveCfg = Debug|Any CPU
		{50BBFEB3-4097-4C6B-B81A-627013B3068C}.Debug|Any CPU.Build.0 = Debug|Any CPU
		{50BBFEB3-4097-4C6B-B81A-627013B3068C}.Release|Any CPU.ActiveCfg = Release|Any CPU
		{50BBFEB3-4097-4C6B-B81A-627013B3068C}.Release|Any CPU.Build.0 = Release|Any CPU
		{BBBDC852-59FB-45CB-8E80-93D2424AF56E}.Debug|Any CPU.ActiveCfg = Debug|Any CPU
		{BBBDC852-59FB-45CB-8E80-93D2424AF56E}.Debug|Any CPU.Build.0 = Debug|Any CPU
		{BBBDC852-59FB-45CB-8E80-93D2424AF56E}.Release|Any CPU.ActiveCfg = Release|Any CPU
		{BBBDC852-59FB-45CB-8E80-93D2424AF56E}.Release|Any CPU.Build.0 = Release|Any CPU
		{ECA062AB-4971-44E0-86B3-8E340FC9ED23}.Debug|Any CPU.ActiveCfg = Debug|Any CPU
		{ECA062AB-4971-44E0-86B3-8E340FC9ED23}.Debug|Any CPU.Build.0 = Debug|Any CPU
		{ECA062AB-4971-44E0-86B3-8E340FC9ED23}.Release|Any CPU.ActiveCfg = Release|Any CPU
		{ECA062AB-4971-44E0-86B3-8E340FC9ED23}.Release|Any CPU.Build.0 = Release|Any CPU
		{D0A277B9-A7B3-41A1-9617-DCC7FF1B0DF8}.Debug|Any CPU.ActiveCfg = Debug|Any CPU
		{D0A277B9-A7B3-41A1-9617-DCC7FF1B0DF8}.Debug|Any CPU.Build.0 = Debug|Any CPU
		{D0A277B9-A7B3-41A1-9617-DCC7FF1B0DF8}.Release|Any CPU.ActiveCfg = Release|Any CPU
		{D0A277B9-A7B3-41A1-9617-DCC7FF1B0DF8}.Release|Any CPU.Build.0 = Release|Any CPU
		{048C252C-B952-44C7-B63A-58C55BC283DF}.Debug|Any CPU.ActiveCfg = Debug|Any CPU
		{048C252C-B952-44C7-B63A-58C55BC283DF}.Debug|Any CPU.Build.0 = Debug|Any CPU
		{048C252C-B952-44C7-B63A-58C55BC283DF}.Release|Any CPU.ActiveCfg = Release|Any CPU
		{048C252C-B952-44C7-B63A-58C55BC283DF}.Release|Any CPU.Build.0 = Release|Any CPU
		{1D949BC2-4E21-45DA-8343-822B8C95B13A}.Debug|Any CPU.ActiveCfg = Debug|Any CPU
		{1D949BC2-4E21-45DA-8343-822B8C95B13A}.Debug|Any CPU.Build.0 = Debug|Any CPU
		{1D949BC2-4E21-45DA-8343-822B8C95B13A}.Release|Any CPU.ActiveCfg = Release|Any CPU
		{1D949BC2-4E21-45DA-8343-822B8C95B13A}.Release|Any CPU.Build.0 = Release|Any CPU
	EndGlobalSection
	GlobalSection(SolutionProperties) = preSolution
		HideSolutionNode = FALSE
	EndGlobalSection
	GlobalSection(NestedProjects) = preSolution
		{819F7737-E6ED-4F04-AB70-F088CD142F5D} = {02EA681E-C7D8-13C7-8484-4AC65E1B71E8}
		{8084AAFD-9443-4125-A139-3FE776877248} = {819F7737-E6ED-4F04-AB70-F088CD142F5D}
		{25F20ECB-70B9-4332-8D18-94FF5BCF2D5D} = {819F7737-E6ED-4F04-AB70-F088CD142F5D}
		{E687CC9F-BAED-4573-821C-9A2759BC7084} = {819F7737-E6ED-4F04-AB70-F088CD142F5D}
		{67EE6A9F-B87F-4B41-A8D1-F0A364EC3FCC} = {819F7737-E6ED-4F04-AB70-F088CD142F5D}
		{31C3D8E5-38AF-47A4-AE57-AFB8C3CBC275} = {02EA681E-C7D8-13C7-8484-4AC65E1B71E8}
		{EE9082B0-F8D6-4D66-85FF-02639D6BE0CC} = {31C3D8E5-38AF-47A4-AE57-AFB8C3CBC275}
		{1EFE087C-2D54-49AB-B0FC-196377F2F8A9} = {31C3D8E5-38AF-47A4-AE57-AFB8C3CBC275}
		{9BC86FD2-A0A8-4D50-B6A1-436B573482D1} = {31C3D8E5-38AF-47A4-AE57-AFB8C3CBC275}
		{1898759D-F504-4B56-A65B-E607EB39C432} = {31C3D8E5-38AF-47A4-AE57-AFB8C3CBC275}
		{AEC78A33-B8B2-4463-84BF-177E86E6BFB8} = {67EE6A9F-B87F-4B41-A8D1-F0A364EC3FCC}
		{0E554714-58C2-49C5-BA62-CD4B7B11C6C2} = {E687CC9F-BAED-4573-821C-9A2759BC7084}
		{5C9D263A-90A0-43B7-B57D-62AF970CE7A8} = {25F20ECB-70B9-4332-8D18-94FF5BCF2D5D}
		{50BBFEB3-4097-4C6B-B81A-627013B3068C} = {1898759D-F504-4B56-A65B-E607EB39C432}
		{BBBDC852-59FB-45CB-8E80-93D2424AF56E} = {1EFE087C-2D54-49AB-B0FC-196377F2F8A9}
		{ECA062AB-4971-44E0-86B3-8E340FC9ED23} = {9BC86FD2-A0A8-4D50-B6A1-436B573482D1}
		{D0A277B9-A7B3-41A1-9617-DCC7FF1B0DF8} = {8084AAFD-9443-4125-A139-3FE776877248}
		{048C252C-B952-44C7-B63A-58C55BC283DF} = {EE9082B0-F8D6-4D66-85FF-02639D6BE0CC}
		{731A0ACC-A49F-43D3-B7B7-4C2A9B5430D0} = {BF18855E-54B9-485D-9ED8-0FA2C0C9932A}
		{DBA5DDC4-615F-4D5C-926A-3880248A82A4} = {731A0ACC-A49F-43D3-B7B7-4C2A9B5430D0}
		{10608BE2-82B5-4163-8FBD-C37CFE5E1529} = {02EA681E-C7D8-13C7-8484-4AC65E1B71E8}
		{CA87BF24-0F18-49CE-89D4-14F17F21FABB} = {10608BE2-82B5-4163-8FBD-C37CFE5E1529}
		{1D949BC2-4E21-45DA-8343-822B8C95B13A} = {CA87BF24-0F18-49CE-89D4-14F17F21FABB}
		{3D62E8F9-A575-4D8F-BBA6-C9CF37ECB1A3} = {BF18855E-54B9-485D-9ED8-0FA2C0C9932A}
		{08088CA1-7A8A-4FA2-9BD8-71CF00610AD9} = {3D62E8F9-A575-4D8F-BBA6-C9CF37ECB1A3}
	EndGlobalSection
	GlobalSection(ExtensibilityGlobals) = postSolution
		SolutionGuid = {362E80D4-E0B0-41CD-AF67-860D81F8CC61}
	EndGlobalSection
EndGlobal
